
Microsoft Visual Studio Solution File, Format Version 12.00
# Visual Studio 14
VisualStudioVersion = 14.0.25123.0
MinimumVisualStudioVersion = 10.0.40219.1
Project("{FAE04EC0-301F-11D3-BF4B-00C04F79EFBC}") = "pi_sensors_win10Core", "pi_sensors_win10Core\pi_sensors_win10Core.csproj", "{7F1B025E-53C3-48B2-AA4F-F293347FBD08}"
EndProject
Project("{FAE04EC0-301F-11D3-BF4B-00C04F79EFBC}") = "VCNL4000Adapter", "VCNL4000Adapter\VCNL4000Adapter.csproj", "{FAD1607D-00DD-418B-8B49-FFD074893CA9}"
EndProject
Project("{8BC9CEB8-8B4A-11D0-8D11-00A0C91BC942}") = "Microsoft.IoT.Lightning.Providers", "Microsoft.IoT.Lightning.Providers\Microsoft.Iot.Lightning.Providers.vcxproj", "{46A913D5-F809-4026-9DC9-CF94F643A0FE}"
EndProject
Project("{FAE04EC0-301F-11D3-BF4B-00C04F79EFBC}") = "Iot.Common", "Iot.Common\Iot.Common.csproj", "{5692BFA7-5684-4C8C-9D35-C83B3F09307B}"
EndProject
Project("{FAE04EC0-301F-11D3-BF4B-00C04F79EFBC}") = "ADS1115Adapter", "ADS1115Adapter\ADS1115Adapter.csproj", "{B30597BB-E8CB-4358-8694-EF437DEA4A72}"
EndProject
Project("{FAE04EC0-301F-11D3-BF4B-00C04F79EFBC}") = "Sharp2Y0A21", "Sharp2Y0A21\Sharp2Y0A21.csproj", "{5374B978-4C7C-4D0F-B140-38D131829812}"
EndProject
Project("{FAE04EC0-301F-11D3-BF4B-00C04F79EFBC}") = "ArduinoBridge", "ArduinoBridge\ArduinoBridge.csproj", "{B2CB73BD-0AE8-4A1A-80F6-4CF36D0A030D}"
EndProject
Project("{FAE04EC0-301F-11D3-BF4B-00C04F79EFBC}") = "HeadlessRobot", "HeadlessRobot\HeadlessRobot.csproj", "{56530A2D-1480-45B1-8E23-B27D8B4C53EF}"
EndProject
Project("{8BB2217D-0F2D-49D1-97BC-3654ED321F3B}") = "RemoteService", "RemoteService\RemoteService.xproj", "{11420621-F77B-4FCB-8B5A-55664A129C1F}"
EndProject
Global
	GlobalSection(SolutionConfigurationPlatforms) = preSolution
		Debug|Any CPU = Debug|Any CPU
		Debug|ARM = Debug|ARM
		Debug|x64 = Debug|x64
		Debug|x86 = Debug|x86
		Release|Any CPU = Release|Any CPU
		Release|ARM = Release|ARM
		Release|x64 = Release|x64
		Release|x86 = Release|x86
	EndGlobalSection
	GlobalSection(ProjectConfigurationPlatforms) = postSolution
		{7F1B025E-53C3-48B2-AA4F-F293347FBD08}.Debug|Any CPU.ActiveCfg = Debug|x86
		{7F1B025E-53C3-48B2-AA4F-F293347FBD08}.Debug|ARM.ActiveCfg = Debug|ARM
		{7F1B025E-53C3-48B2-AA4F-F293347FBD08}.Debug|ARM.Build.0 = Debug|ARM
		{7F1B025E-53C3-48B2-AA4F-F293347FBD08}.Debug|ARM.Deploy.0 = Debug|ARM
		{7F1B025E-53C3-48B2-AA4F-F293347FBD08}.Debug|x64.ActiveCfg = Debug|x64
		{7F1B025E-53C3-48B2-AA4F-F293347FBD08}.Debug|x64.Build.0 = Debug|x64
		{7F1B025E-53C3-48B2-AA4F-F293347FBD08}.Debug|x64.Deploy.0 = Debug|x64
		{7F1B025E-53C3-48B2-AA4F-F293347FBD08}.Debug|x86.ActiveCfg = Debug|x86
		{7F1B025E-53C3-48B2-AA4F-F293347FBD08}.Debug|x86.Build.0 = Debug|x86
		{7F1B025E-53C3-48B2-AA4F-F293347FBD08}.Debug|x86.Deploy.0 = Debug|x86
		{7F1B025E-53C3-48B2-AA4F-F293347FBD08}.Release|Any CPU.ActiveCfg = Release|x86
		{7F1B025E-53C3-48B2-AA4F-F293347FBD08}.Release|ARM.ActiveCfg = Release|ARM
		{7F1B025E-53C3-48B2-AA4F-F293347FBD08}.Release|ARM.Build.0 = Release|ARM
		{7F1B025E-53C3-48B2-AA4F-F293347FBD08}.Release|ARM.Deploy.0 = Release|ARM
		{7F1B025E-53C3-48B2-AA4F-F293347FBD08}.Release|x64.ActiveCfg = Release|x64
		{7F1B025E-53C3-48B2-AA4F-F293347FBD08}.Release|x64.Build.0 = Release|x64
		{7F1B025E-53C3-48B2-AA4F-F293347FBD08}.Release|x64.Deploy.0 = Release|x64
		{7F1B025E-53C3-48B2-AA4F-F293347FBD08}.Release|x86.ActiveCfg = Release|x86
		{7F1B025E-53C3-48B2-AA4F-F293347FBD08}.Release|x86.Build.0 = Release|x86
		{7F1B025E-53C3-48B2-AA4F-F293347FBD08}.Release|x86.Deploy.0 = Release|x86
		{FAD1607D-00DD-418B-8B49-FFD074893CA9}.Debug|Any CPU.ActiveCfg = Debug|Any CPU
		{FAD1607D-00DD-418B-8B49-FFD074893CA9}.Debug|Any CPU.Build.0 = Debug|Any CPU
		{FAD1607D-00DD-418B-8B49-FFD074893CA9}.Debug|ARM.ActiveCfg = Debug|ARM
		{FAD1607D-00DD-418B-8B49-FFD074893CA9}.Debug|ARM.Build.0 = Debug|ARM
		{FAD1607D-00DD-418B-8B49-FFD074893CA9}.Debug|x64.ActiveCfg = Debug|x64
		{FAD1607D-00DD-418B-8B49-FFD074893CA9}.Debug|x64.Build.0 = Debug|x64
		{FAD1607D-00DD-418B-8B49-FFD074893CA9}.Debug|x86.ActiveCfg = Debug|x86
		{FAD1607D-00DD-418B-8B49-FFD074893CA9}.Debug|x86.Build.0 = Debug|x86
		{FAD1607D-00DD-418B-8B49-FFD074893CA9}.Release|Any CPU.ActiveCfg = Release|Any CPU
		{FAD1607D-00DD-418B-8B49-FFD074893CA9}.Release|Any CPU.Build.0 = Release|Any CPU
		{FAD1607D-00DD-418B-8B49-FFD074893CA9}.Release|ARM.ActiveCfg = Release|ARM
		{FAD1607D-00DD-418B-8B49-FFD074893CA9}.Release|ARM.Build.0 = Release|ARM
		{FAD1607D-00DD-418B-8B49-FFD074893CA9}.Release|x64.ActiveCfg = Release|x64
		{FAD1607D-00DD-418B-8B49-FFD074893CA9}.Release|x64.Build.0 = Release|x64
		{FAD1607D-00DD-418B-8B49-FFD074893CA9}.Release|x86.ActiveCfg = Release|x86
		{FAD1607D-00DD-418B-8B49-FFD074893CA9}.Release|x86.Build.0 = Release|x86
		{46A913D5-F809-4026-9DC9-CF94F643A0FE}.Debug|Any CPU.ActiveCfg = Debug|Win32
		{46A913D5-F809-4026-9DC9-CF94F643A0FE}.Debug|ARM.ActiveCfg = Debug|ARM
		{46A913D5-F809-4026-9DC9-CF94F643A0FE}.Debug|ARM.Build.0 = Debug|ARM
		{46A913D5-F809-4026-9DC9-CF94F643A0FE}.Debug|x64.ActiveCfg = Debug|x64
		{46A913D5-F809-4026-9DC9-CF94F643A0FE}.Debug|x64.Build.0 = Debug|x64
		{46A913D5-F809-4026-9DC9-CF94F643A0FE}.Debug|x86.ActiveCfg = Debug|Win32
		{46A913D5-F809-4026-9DC9-CF94F643A0FE}.Debug|x86.Build.0 = Debug|Win32
		{46A913D5-F809-4026-9DC9-CF94F643A0FE}.Release|Any CPU.ActiveCfg = Release|Win32
		{46A913D5-F809-4026-9DC9-CF94F643A0FE}.Release|ARM.ActiveCfg = Release|ARM
		{46A913D5-F809-4026-9DC9-CF94F643A0FE}.Release|ARM.Build.0 = Release|ARM
		{46A913D5-F809-4026-9DC9-CF94F643A0FE}.Release|x64.ActiveCfg = Release|x64
		{46A913D5-F809-4026-9DC9-CF94F643A0FE}.Release|x64.Build.0 = Release|x64
		{46A913D5-F809-4026-9DC9-CF94F643A0FE}.Release|x86.ActiveCfg = Release|Win32
		{46A913D5-F809-4026-9DC9-CF94F643A0FE}.Release|x86.Build.0 = Release|Win32
		{5692BFA7-5684-4C8C-9D35-C83B3F09307B}.Debug|Any CPU.ActiveCfg = Debug|Any CPU
		{5692BFA7-5684-4C8C-9D35-C83B3F09307B}.Debug|Any CPU.Build.0 = Debug|Any CPU
		{5692BFA7-5684-4C8C-9D35-C83B3F09307B}.Debug|ARM.ActiveCfg = Debug|ARM
		{5692BFA7-5684-4C8C-9D35-C83B3F09307B}.Debug|ARM.Build.0 = Debug|ARM
		{5692BFA7-5684-4C8C-9D35-C83B3F09307B}.Debug|x64.ActiveCfg = Debug|x64
		{5692BFA7-5684-4C8C-9D35-C83B3F09307B}.Debug|x64.Build.0 = Debug|x64
		{5692BFA7-5684-4C8C-9D35-C83B3F09307B}.Debug|x86.ActiveCfg = Debug|x86
		{5692BFA7-5684-4C8C-9D35-C83B3F09307B}.Debug|x86.Build.0 = Debug|x86
		{5692BFA7-5684-4C8C-9D35-C83B3F09307B}.Release|Any CPU.ActiveCfg = Release|Any CPU
		{5692BFA7-5684-4C8C-9D35-C83B3F09307B}.Release|Any CPU.Build.0 = Release|Any CPU
		{5692BFA7-5684-4C8C-9D35-C83B3F09307B}.Release|ARM.ActiveCfg = Release|ARM
		{5692BFA7-5684-4C8C-9D35-C83B3F09307B}.Release|ARM.Build.0 = Release|ARM
		{5692BFA7-5684-4C8C-9D35-C83B3F09307B}.Release|x64.ActiveCfg = Release|x64
		{5692BFA7-5684-4C8C-9D35-C83B3F09307B}.Release|x64.Build.0 = Release|x64
		{5692BFA7-5684-4C8C-9D35-C83B3F09307B}.Release|x86.ActiveCfg = Release|x86
		{5692BFA7-5684-4C8C-9D35-C83B3F09307B}.Release|x86.Build.0 = Release|x86
		{B30597BB-E8CB-4358-8694-EF437DEA4A72}.Debug|Any CPU.ActiveCfg = Debug|Any CPU
		{B30597BB-E8CB-4358-8694-EF437DEA4A72}.Debug|Any CPU.Build.0 = Debug|Any CPU
		{B30597BB-E8CB-4358-8694-EF437DEA4A72}.Debug|ARM.ActiveCfg = Debug|ARM
		{B30597BB-E8CB-4358-8694-EF437DEA4A72}.Debug|ARM.Build.0 = Debug|ARM
		{B30597BB-E8CB-4358-8694-EF437DEA4A72}.Debug|x64.ActiveCfg = Debug|x64
		{B30597BB-E8CB-4358-8694-EF437DEA4A72}.Debug|x64.Build.0 = Debug|x64
		{B30597BB-E8CB-4358-8694-EF437DEA4A72}.Debug|x86.ActiveCfg = Debug|x86
		{B30597BB-E8CB-4358-8694-EF437DEA4A72}.Debug|x86.Build.0 = Debug|x86
		{B30597BB-E8CB-4358-8694-EF437DEA4A72}.Release|Any CPU.ActiveCfg = Release|Any CPU
		{B30597BB-E8CB-4358-8694-EF437DEA4A72}.Release|Any CPU.Build.0 = Release|Any CPU
		{B30597BB-E8CB-4358-8694-EF437DEA4A72}.Release|ARM.ActiveCfg = Release|ARM
		{B30597BB-E8CB-4358-8694-EF437DEA4A72}.Release|ARM.Build.0 = Release|ARM
		{B30597BB-E8CB-4358-8694-EF437DEA4A72}.Release|x64.ActiveCfg = Release|x64
		{B30597BB-E8CB-4358-8694-EF437DEA4A72}.Release|x64.Build.0 = Release|x64
		{B30597BB-E8CB-4358-8694-EF437DEA4A72}.Release|x86.ActiveCfg = Release|x86
		{B30597BB-E8CB-4358-8694-EF437DEA4A72}.Release|x86.Build.0 = Release|x86
		{5374B978-4C7C-4D0F-B140-38D131829812}.Debug|Any CPU.ActiveCfg = Debug|Any CPU
		{5374B978-4C7C-4D0F-B140-38D131829812}.Debug|Any CPU.Build.0 = Debug|Any CPU
		{5374B978-4C7C-4D0F-B140-38D131829812}.Debug|ARM.ActiveCfg = Debug|ARM
		{5374B978-4C7C-4D0F-B140-38D131829812}.Debug|ARM.Build.0 = Debug|ARM
		{5374B978-4C7C-4D0F-B140-38D131829812}.Debug|x64.ActiveCfg = Debug|x64
		{5374B978-4C7C-4D0F-B140-38D131829812}.Debug|x64.Build.0 = Debug|x64
		{5374B978-4C7C-4D0F-B140-38D131829812}.Debug|x86.ActiveCfg = Debug|x86
		{5374B978-4C7C-4D0F-B140-38D131829812}.Debug|x86.Build.0 = Debug|x86
		{5374B978-4C7C-4D0F-B140-38D131829812}.Release|Any CPU.ActiveCfg = Release|Any CPU
		{5374B978-4C7C-4D0F-B140-38D131829812}.Release|Any CPU.Build.0 = Release|Any CPU
		{5374B978-4C7C-4D0F-B140-38D131829812}.Release|ARM.ActiveCfg = Release|ARM
		{5374B978-4C7C-4D0F-B140-38D131829812}.Release|ARM.Build.0 = Release|ARM
		{5374B978-4C7C-4D0F-B140-38D131829812}.Release|x64.ActiveCfg = Release|x64
		{5374B978-4C7C-4D0F-B140-38D131829812}.Release|x64.Build.0 = Release|x64
		{5374B978-4C7C-4D0F-B140-38D131829812}.Release|x86.ActiveCfg = Release|x86
		{5374B978-4C7C-4D0F-B140-38D131829812}.Release|x86.Build.0 = Release|x86
		{B2CB73BD-0AE8-4A1A-80F6-4CF36D0A030D}.Debug|Any CPU.ActiveCfg = Debug|Any CPU
		{B2CB73BD-0AE8-4A1A-80F6-4CF36D0A030D}.Debug|Any CPU.Build.0 = Debug|Any CPU
		{B2CB73BD-0AE8-4A1A-80F6-4CF36D0A030D}.Debug|ARM.ActiveCfg = Debug|ARM
		{B2CB73BD-0AE8-4A1A-80F6-4CF36D0A030D}.Debug|ARM.Build.0 = Debug|ARM
		{B2CB73BD-0AE8-4A1A-80F6-4CF36D0A030D}.Debug|x64.ActiveCfg = Debug|x64
		{B2CB73BD-0AE8-4A1A-80F6-4CF36D0A030D}.Debug|x64.Build.0 = Debug|x64
		{B2CB73BD-0AE8-4A1A-80F6-4CF36D0A030D}.Debug|x86.ActiveCfg = Debug|x86
		{B2CB73BD-0AE8-4A1A-80F6-4CF36D0A030D}.Debug|x86.Build.0 = Debug|x86
		{B2CB73BD-0AE8-4A1A-80F6-4CF36D0A030D}.Release|Any CPU.ActiveCfg = Release|Any CPU
		{B2CB73BD-0AE8-4A1A-80F6-4CF36D0A030D}.Release|Any CPU.Build.0 = Release|Any CPU
		{B2CB73BD-0AE8-4A1A-80F6-4CF36D0A030D}.Release|ARM.ActiveCfg = Release|ARM
		{B2CB73BD-0AE8-4A1A-80F6-4CF36D0A030D}.Release|ARM.Build.0 = Release|ARM
		{B2CB73BD-0AE8-4A1A-80F6-4CF36D0A030D}.Release|x64.ActiveCfg = Release|x64
		{B2CB73BD-0AE8-4A1A-80F6-4CF36D0A030D}.Release|x64.Build.0 = Release|x64
		{B2CB73BD-0AE8-4A1A-80F6-4CF36D0A030D}.Release|x86.ActiveCfg = Release|x86
		{B2CB73BD-0AE8-4A1A-80F6-4CF36D0A030D}.Release|x86.Build.0 = Release|x86
		{56530A2D-1480-45B1-8E23-B27D8B4C53EF}.Debug|Any CPU.ActiveCfg = Debug|x86
		{56530A2D-1480-45B1-8E23-B27D8B4C53EF}.Debug|ARM.ActiveCfg = Debug|ARM
		{56530A2D-1480-45B1-8E23-B27D8B4C53EF}.Debug|ARM.Build.0 = Debug|ARM
		{56530A2D-1480-45B1-8E23-B27D8B4C53EF}.Debug|ARM.Deploy.0 = Debug|ARM
		{56530A2D-1480-45B1-8E23-B27D8B4C53EF}.Debug|x64.ActiveCfg = Debug|x64
		{56530A2D-1480-45B1-8E23-B27D8B4C53EF}.Debug|x64.Build.0 = Debug|x64
		{56530A2D-1480-45B1-8E23-B27D8B4C53EF}.Debug|x64.Deploy.0 = Debug|x64
		{56530A2D-1480-45B1-8E23-B27D8B4C53EF}.Debug|x86.ActiveCfg = Debug|x86
		{56530A2D-1480-45B1-8E23-B27D8B4C53EF}.Debug|x86.Build.0 = Debug|x86
		{56530A2D-1480-45B1-8E23-B27D8B4C53EF}.Debug|x86.Deploy.0 = Debug|x86
		{56530A2D-1480-45B1-8E23-B27D8B4C53EF}.Release|Any CPU.ActiveCfg = Release|x86
		{56530A2D-1480-45B1-8E23-B27D8B4C53EF}.Release|ARM.ActiveCfg = Release|ARM
		{56530A2D-1480-45B1-8E23-B27D8B4C53EF}.Release|ARM.Build.0 = Release|ARM
		{56530A2D-1480-45B1-8E23-B27D8B4C53EF}.Release|ARM.Deploy.0 = Release|ARM
		{56530A2D-1480-45B1-8E23-B27D8B4C53EF}.Release|x64.ActiveCfg = Release|x64
		{56530A2D-1480-45B1-8E23-B27D8B4C53EF}.Release|x64.Build.0 = Release|x64
		{56530A2D-1480-45B1-8E23-B27D8B4C53EF}.Release|x64.Deploy.0 = Release|x64
		{56530A2D-1480-45B1-8E23-B27D8B4C53EF}.Release|x86.ActiveCfg = Release|x86
		{56530A2D-1480-45B1-8E23-B27D8B4C53EF}.Release|x86.Build.0 = Release|x86
		{56530A2D-1480-45B1-8E23-B27D8B4C53EF}.Release|x86.Deploy.0 = Release|x86
		{11420621-F77B-4FCB-8B5A-55664A129C1F}.Debug|Any CPU.ActiveCfg = Debug|Any CPU
		{11420621-F77B-4FCB-8B5A-55664A129C1F}.Debug|Any CPU.Build.0 = Debug|Any CPU
		{11420621-F77B-4FCB-8B5A-55664A129C1F}.Debug|ARM.ActiveCfg = Debug|Any CPU
		{11420621-F77B-4FCB-8B5A-55664A129C1F}.Debug|ARM.Build.0 = Debug|Any CPU
		{11420621-F77B-4FCB-8B5A-55664A129C1F}.Debug|x64.ActiveCfg = Debug|Any CPU
		{11420621-F77B-4FCB-8B5A-55664A129C1F}.Debug|x64.Build.0 = Debug|Any CPU
		{11420621-F77B-4FCB-8B5A-55664A129C1F}.Debug|x86.ActiveCfg = Debug|Any CPU
		{11420621-F77B-4FCB-8B5A-55664A129C1F}.Debug|x86.Build.0 = Debug|Any CPU
		{11420621-F77B-4FCB-8B5A-55664A129C1F}.Release|Any CPU.ActiveCfg = Release|Any CPU
		{11420621-F77B-4FCB-8B5A-55664A129C1F}.Release|Any CPU.Build.0 = Release|Any CPU
		{11420621-F77B-4FCB-8B5A-55664A129C1F}.Release|ARM.ActiveCfg = Release|Any CPU
		{11420621-F77B-4FCB-8B5A-55664A129C1F}.Release|ARM.Build.0 = Release|Any CPU
		{11420621-F77B-4FCB-8B5A-55664A129C1F}.Release|x64.ActiveCfg = Release|Any CPU
		{11420621-F77B-4FCB-8B5A-55664A129C1F}.Release|x64.Build.0 = Release|Any CPU
		{11420621-F77B-4FCB-8B5A-55664A129C1F}.Release|x86.ActiveCfg = Release|Any CPU
		{11420621-F77B-4FCB-8B5A-55664A129C1F}.Release|x86.Build.0 = Release|Any CPU
	EndGlobalSection
	GlobalSection(SolutionProperties) = preSolution
		HideSolutionNode = FALSE
	EndGlobalSection
EndGlobal
